
Microsoft Visual Studio Solution File, Format Version 12.00
# Visual Studio Version 17
VisualStudioVersion = 17.14.36414.22
MinimumVisualStudioVersion = 10.0.40219.1
Project("{8BC9CEB8-8B4A-11D0-8D11-00A0C91BC942}") = "mission1", "mission1\mission1.vcxproj", "{BAE358B3-FF99-450B-B944-588AB4A87B11}"
EndProject
Project("{2150E333-8FDC-42A3-9474-1A3956D46DE8}") = "솔루션 항목", "솔루션 항목", "{C8D5274F-AC00-46C7-1F8D-E88E81087A52}"
	ProjectSection(SolutionItems) = preProject
		.gitignore = .gitignore
	EndProjectSection
EndProject
Global
	GlobalSection(SolutionConfigurationPlatforms) = preSolution
		Debug|x64 = Debug|x64
		Debug|x86 = Debug|x86
		Release|x64 = Release|x64
		Release|x86 = Release|x86
	EndGlobalSection
	GlobalSection(ProjectConfigurationPlatforms) = postSolution
		{BAE358B3-FF99-450B-B944-588AB4A87B11}.Debug|x64.ActiveCfg = Debug|x64
		{BAE358B3-FF99-450B-B944-588AB4A87B11}.Debug|x64.Build.0 = Debug|x64
		{BAE358B3-FF99-450B-B944-588AB4A87B11}.Debug|x86.ActiveCfg = Debug|Win32
		{BAE358B3-FF99-450B-B944-588AB4A87B11}.Debug|x86.Build.0 = Debug|Win32
		{BAE358B3-FF99-450B-B944-588AB4A87B11}.Release|x64.ActiveCfg = Release|x64
		{BAE358B3-FF99-450B-B944-588AB4A87B11}.Release|x64.Build.0 = Release|x64
		{BAE358B3-FF99-450B-B944-588AB4A87B11}.Release|x86.ActiveCfg = Release|Win32
		{BAE358B3-FF99-450B-B944-588AB4A87B11}.Release|x86.Build.0 = Release|Win32
	EndGlobalSection
	GlobalSection(SolutionProperties) = preSolution
		HideSolutionNode = FALSE
	EndGlobalSection
	GlobalSection(ExtensibilityGlobals) = postSolution
		SolutionGuid = {4EA3C923-0A92-4192-A4D1-AB6423A3B1B9}
	EndGlobalSection
EndGlobal
